
Microsoft Visual Studio Solution File, Format Version 12.00
# Visual Studio 14
VisualStudioVersion = 14.0.24720.0
MinimumVisualStudioVersion = 10.0.40219.1
Project("{FAE04EC0-301F-11D3-BF4B-00C04F79EFBC}") = "GRBLMachinePlugin", "GRBLMachinePlugin\GRBLMachinePlugin.csproj", "{088D83A7-1B43-47DB-B801-1E11FF0F09B3}"
EndProject
Project("{FAE04EC0-301F-11D3-BF4B-00C04F79EFBC}") = "CamBam.CAD.Solids", "CamBam.CAD.Solids\CamBam.CAD.Solids.csproj", "{509084A8-ED84-4E73-BE61-95B7D2B884FA}"
EndProject
Project("{FAE04EC0-301F-11D3-BF4B-00C04F79EFBC}") = "PluginTest", "PluginTest\PluginTest.csproj", "{BF769B68-E85F-4AB3-881A-971945852C84}"
EndProject
Global
	GlobalSection(SolutionConfigurationPlatforms) = preSolution
		Debug|Any CPU = Debug|Any CPU
		Debug|x86 = Debug|x86
		Release|Any CPU = Release|Any CPU
		Release|x86 = Release|x86
	EndGlobalSection
	GlobalSection(ProjectConfigurationPlatforms) = postSolution
		{088D83A7-1B43-47DB-B801-1E11FF0F09B3}.Debug|Any CPU.ActiveCfg = Debug|Any CPU
		{088D83A7-1B43-47DB-B801-1E11FF0F09B3}.Debug|Any CPU.Build.0 = Debug|Any CPU
		{088D83A7-1B43-47DB-B801-1E11FF0F09B3}.Debug|x86.ActiveCfg = Debug|x86
		{088D83A7-1B43-47DB-B801-1E11FF0F09B3}.Debug|x86.Build.0 = Debug|x86
		{088D83A7-1B43-47DB-B801-1E11FF0F09B3}.Release|Any CPU.ActiveCfg = Release|Any CPU
		{088D83A7-1B43-47DB-B801-1E11FF0F09B3}.Release|Any CPU.Build.0 = Release|Any CPU
		{088D83A7-1B43-47DB-B801-1E11FF0F09B3}.Release|x86.ActiveCfg = Release|x86
		{088D83A7-1B43-47DB-B801-1E11FF0F09B3}.Release|x86.Build.0 = Release|x86
		{509084A8-ED84-4E73-BE61-95B7D2B884FA}.Debug|Any CPU.ActiveCfg = Debug|Any CPU
		{509084A8-ED84-4E73-BE61-95B7D2B884FA}.Debug|Any CPU.Build.0 = Debug|Any CPU
		{509084A8-ED84-4E73-BE61-95B7D2B884FA}.Debug|x86.ActiveCfg = Debug|x86
		{509084A8-ED84-4E73-BE61-95B7D2B884FA}.Debug|x86.Build.0 = Debug|x86
		{509084A8-ED84-4E73-BE61-95B7D2B884FA}.Release|Any CPU.ActiveCfg = Release|Any CPU
		{509084A8-ED84-4E73-BE61-95B7D2B884FA}.Release|Any CPU.Build.0 = Release|Any CPU
		{509084A8-ED84-4E73-BE61-95B7D2B884FA}.Release|x86.ActiveCfg = Release|x86
		{509084A8-ED84-4E73-BE61-95B7D2B884FA}.Release|x86.Build.0 = Release|x86
		{BF769B68-E85F-4AB3-881A-971945852C84}.Debug|Any CPU.ActiveCfg = Debug|Any CPU
		{BF769B68-E85F-4AB3-881A-971945852C84}.Debug|Any CPU.Build.0 = Debug|Any CPU
		{BF769B68-E85F-4AB3-881A-971945852C84}.Debug|x86.ActiveCfg = Debug|x86
		{BF769B68-E85F-4AB3-881A-971945852C84}.Debug|x86.Build.0 = Debug|x86
		{BF769B68-E85F-4AB3-881A-971945852C84}.Release|Any CPU.ActiveCfg = Release|Any CPU
		{BF769B68-E85F-4AB3-881A-971945852C84}.Release|Any CPU.Build.0 = Release|Any CPU
		{BF769B68-E85F-4AB3-881A-971945852C84}.Release|x86.ActiveCfg = Release|x86
		{BF769B68-E85F-4AB3-881A-971945852C84}.Release|x86.Build.0 = Release|x86
	EndGlobalSection
	GlobalSection(SolutionProperties) = preSolution
		HideSolutionNode = FALSE
	EndGlobalSection
EndGlobal
